// !$*UTF8*$!
{
	archiveVersion = 1;
	classes = {
	};
	objectVersion = 46;
	objects = {

/* Begin PBXBuildFile section */
		717773B21BCA962600295E53 /* AppDelegate.swift in Sources */ = {isa = PBXBuildFile; fileRef = 717773B11BCA962600295E53 /* AppDelegate.swift */; };
		717773B41BCA962600295E53 /* ViewController.swift in Sources */ = {isa = PBXBuildFile; fileRef = 717773B31BCA962600295E53 /* ViewController.swift */; };
		717773B71BCA962600295E53 /* Main.storyboard in Resources */ = {isa = PBXBuildFile; fileRef = 717773B51BCA962600295E53 /* Main.storyboard */; };
		717773B91BCA962600295E53 /* Assets.xcassets in Resources */ = {isa = PBXBuildFile; fileRef = 717773B81BCA962600295E53 /* Assets.xcassets */; };
		717773BC1BCA962600295E53 /* LaunchScreen.storyboard in Resources */ = {isa = PBXBuildFile; fileRef = 717773BA1BCA962600295E53 /* LaunchScreen.storyboard */; };
		717773C71BCA962600295E53 /* LuckyNumberTests.swift in Sources */ = {isa = PBXBuildFile; fileRef = 717773C61BCA962600295E53 /* LuckyNumberTests.swift */; };
		717773D21BCA962600295E53 /* LuckyNumberUITests.swift in Sources */ = {isa = PBXBuildFile; fileRef = 717773D11BCA962600295E53 /* LuckyNumberUITests.swift */; };
		717773D71BCA962600295E53 /* LuckyNumber WatchKit App.app in Embed Watch Content */ = {isa = PBXBuildFile; fileRef = 717773D61BCA962600295E53 /* LuckyNumber WatchKit App.app */; };
		717773DD1BCA962600295E53 /* Interface.storyboard in Resources */ = {isa = PBXBuildFile; fileRef = 717773DB1BCA962600295E53 /* Interface.storyboard */; };
		717773DF1BCA962600295E53 /* Assets.xcassets in Resources */ = {isa = PBXBuildFile; fileRef = 717773DE1BCA962600295E53 /* Assets.xcassets */; };
		717773E61BCA962600295E53 /* LuckyNumber WatchKit Extension.appex in Embed App Extensions */ = {isa = PBXBuildFile; fileRef = 717773E51BCA962600295E53 /* LuckyNumber WatchKit Extension.appex */; settings = {ATTRIBUTES = (RemoveHeadersOnCopy, ); }; };
		717773ED1BCA962600295E53 /* InterfaceController.swift in Sources */ = {isa = PBXBuildFile; fileRef = 717773EC1BCA962600295E53 /* InterfaceController.swift */; };
		717773EF1BCA962600295E53 /* ExtensionDelegate.swift in Sources */ = {isa = PBXBuildFile; fileRef = 717773EE1BCA962600295E53 /* ExtensionDelegate.swift */; };
		717773F11BCA962600295E53 /* NotificationController.swift in Sources */ = {isa = PBXBuildFile; fileRef = 717773F01BCA962600295E53 /* NotificationController.swift */; };
		717773F31BCA962600295E53 /* GlanceController.swift in Sources */ = {isa = PBXBuildFile; fileRef = 717773F21BCA962600295E53 /* GlanceController.swift */; };
		717773F51BCA962600295E53 /* Assets.xcassets in Resources */ = {isa = PBXBuildFile; fileRef = 717773F41BCA962600295E53 /* Assets.xcassets */; };
		7177740D1BCA98F400295E53 /* img1.png in Resources */ = {isa = PBXBuildFile; fileRef = 7177740A1BCA98F400295E53 /* img1.png */; settings = {ASSET_TAGS = (); }; };
		7177740E1BCA98F400295E53 /* img2.png in Resources */ = {isa = PBXBuildFile; fileRef = 7177740B1BCA98F400295E53 /* img2.png */; settings = {ASSET_TAGS = (); }; };
		7177740F1BCA98F400295E53 /* img3.png in Resources */ = {isa = PBXBuildFile; fileRef = 7177740C1BCA98F400295E53 /* img3.png */; settings = {ASSET_TAGS = (); }; };
/* End PBXBuildFile section */

/* Begin PBXContainerItemProxy section */
		717773C31BCA962600295E53 /* PBXContainerItemProxy */ = {
			isa = PBXContainerItemProxy;
			containerPortal = 717773A61BCA962600295E53 /* Project object */;
			proxyType = 1;
			remoteGlobalIDString = 717773AD1BCA962600295E53;
			remoteInfo = LuckyNumber;
		};
		717773CE1BCA962600295E53 /* PBXContainerItemProxy */ = {
			isa = PBXContainerItemProxy;
			containerPortal = 717773A61BCA962600295E53 /* Project object */;
			proxyType = 1;
			remoteGlobalIDString = 717773AD1BCA962600295E53;
			remoteInfo = LuckyNumber;
		};
		717773D81BCA962600295E53 /* PBXContainerItemProxy */ = {
			isa = PBXContainerItemProxy;
			containerPortal = 717773A61BCA962600295E53 /* Project object */;
			proxyType = 1;
			remoteGlobalIDString = 717773D51BCA962600295E53;
			remoteInfo = "LuckyNumber WatchKit App";
		};
		717773E71BCA962600295E53 /* PBXContainerItemProxy */ = {
			isa = PBXContainerItemProxy;
			containerPortal = 717773A61BCA962600295E53 /* Project object */;
			proxyType = 1;
			remoteGlobalIDString = 717773E41BCA962600295E53;
			remoteInfo = "LuckyNumber WatchKit Extension";
		};
/* End PBXContainerItemProxy section */

/* Begin PBXCopyFilesBuildPhase section */
		717773FC1BCA962600295E53 /* Embed App Extensions */ = {
			isa = PBXCopyFilesBuildPhase;
			buildActionMask = 2147483647;
			dstPath = "";
			dstSubfolderSpec = 13;
			files = (
				717773E61BCA962600295E53 /* LuckyNumber WatchKit Extension.appex in Embed App Extensions */,
			);
			name = "Embed App Extensions";
			runOnlyForDeploymentPostprocessing = 0;
		};
		717774001BCA962600295E53 /* Embed Watch Content */ = {
			isa = PBXCopyFilesBuildPhase;
			buildActionMask = 2147483647;
			dstPath = "$(CONTENTS_FOLDER_PATH)/Watch";
			dstSubfolderSpec = 16;
			files = (
				717773D71BCA962600295E53 /* LuckyNumber WatchKit App.app in Embed Watch Content */,
			);
			name = "Embed Watch Content";
			runOnlyForDeploymentPostprocessing = 0;
		};
/* End PBXCopyFilesBuildPhase section */

/* Begin PBXFileReference section */
		717773AE1BCA962600295E53 /* LuckyNumber.app */ = {isa = PBXFileReference; explicitFileType = wrapper.application; includeInIndex = 0; path = LuckyNumber.app; sourceTree = BUILT_PRODUCTS_DIR; };
		717773B11BCA962600295E53 /* AppDelegate.swift */ = {isa = PBXFileReference; lastKnownFileType = sourcecode.swift; path = AppDelegate.swift; sourceTree = "<group>"; };
		717773B31BCA962600295E53 /* ViewController.swift */ = {isa = PBXFileReference; lastKnownFileType = sourcecode.swift; path = ViewController.swift; sourceTree = "<group>"; };
		717773B61BCA962600295E53 /* Base */ = {isa = PBXFileReference; lastKnownFileType = file.storyboard; name = Base; path = Base.lproj/Main.storyboard; sourceTree = "<group>"; };
		717773B81BCA962600295E53 /* Assets.xcassets */ = {isa = PBXFileReference; lastKnownFileType = folder.assetcatalog; path = Assets.xcassets; sourceTree = "<group>"; };
		717773BB1BCA962600295E53 /* Base */ = {isa = PBXFileReference; lastKnownFileType = file.storyboard; name = Base; path = Base.lproj/LaunchScreen.storyboard; sourceTree = "<group>"; };
		717773BD1BCA962600295E53 /* Info.plist */ = {isa = PBXFileReference; lastKnownFileType = text.plist.xml; path = Info.plist; sourceTree = "<group>"; };
		717773C21BCA962600295E53 /* LuckyNumberTests.xctest */ = {isa = PBXFileReference; explicitFileType = wrapper.cfbundle; includeInIndex = 0; path = LuckyNumberTests.xctest; sourceTree = BUILT_PRODUCTS_DIR; };
		717773C61BCA962600295E53 /* LuckyNumberTests.swift */ = {isa = PBXFileReference; lastKnownFileType = sourcecode.swift; path = LuckyNumberTests.swift; sourceTree = "<group>"; };
		717773C81BCA962600295E53 /* Info.plist */ = {isa = PBXFileReference; lastKnownFileType = text.plist.xml; path = Info.plist; sourceTree = "<group>"; };
		717773CD1BCA962600295E53 /* LuckyNumberUITests.xctest */ = {isa = PBXFileReference; explicitFileType = wrapper.cfbundle; includeInIndex = 0; path = LuckyNumberUITests.xctest; sourceTree = BUILT_PRODUCTS_DIR; };
		717773D11BCA962600295E53 /* LuckyNumberUITests.swift */ = {isa = PBXFileReference; lastKnownFileType = sourcecode.swift; path = LuckyNumberUITests.swift; sourceTree = "<group>"; };
		717773D31BCA962600295E53 /* Info.plist */ = {isa = PBXFileReference; lastKnownFileType = text.plist.xml; path = Info.plist; sourceTree = "<group>"; };
		717773D61BCA962600295E53 /* LuckyNumber WatchKit App.app */ = {isa = PBXFileReference; explicitFileType = wrapper.application; includeInIndex = 0; path = "LuckyNumber WatchKit App.app"; sourceTree = BUILT_PRODUCTS_DIR; };
		717773DC1BCA962600295E53 /* Base */ = {isa = PBXFileReference; lastKnownFileType = file.storyboard; name = Base; path = Base.lproj/Interface.storyboard; sourceTree = "<group>"; };
		717773DE1BCA962600295E53 /* Assets.xcassets */ = {isa = PBXFileReference; lastKnownFileType = folder.assetcatalog; path = Assets.xcassets; sourceTree = "<group>"; };
		717773E01BCA962600295E53 /* Info.plist */ = {isa = PBXFileReference; lastKnownFileType = text.plist.xml; path = Info.plist; sourceTree = "<group>"; };
		717773E51BCA962600295E53 /* LuckyNumber WatchKit Extension.appex */ = {isa = PBXFileReference; explicitFileType = "wrapper.app-extension"; includeInIndex = 0; path = "LuckyNumber WatchKit Extension.appex"; sourceTree = BUILT_PRODUCTS_DIR; };
		717773EB1BCA962600295E53 /* PushNotificationPayload.apns */ = {isa = PBXFileReference; lastKnownFileType = text; path = PushNotificationPayload.apns; sourceTree = "<group>"; };
		717773EC1BCA962600295E53 /* InterfaceController.swift */ = {isa = PBXFileReference; lastKnownFileType = sourcecode.swift; path = InterfaceController.swift; sourceTree = "<group>"; };
		717773EE1BCA962600295E53 /* ExtensionDelegate.swift */ = {isa = PBXFileReference; lastKnownFileType = sourcecode.swift; path = ExtensionDelegate.swift; sourceTree = "<group>"; };
		717773F01BCA962600295E53 /* NotificationController.swift */ = {isa = PBXFileReference; lastKnownFileType = sourcecode.swift; path = NotificationController.swift; sourceTree = "<group>"; };
		717773F21BCA962600295E53 /* GlanceController.swift */ = {isa = PBXFileReference; lastKnownFileType = sourcecode.swift; path = GlanceController.swift; sourceTree = "<group>"; };
		717773F41BCA962600295E53 /* Assets.xcassets */ = {isa = PBXFileReference; lastKnownFileType = folder.assetcatalog; path = Assets.xcassets; sourceTree = "<group>"; };
		717773F61BCA962600295E53 /* Info.plist */ = {isa = PBXFileReference; lastKnownFileType = text.plist.xml; path = Info.plist; sourceTree = "<group>"; };
		7177740A1BCA98F400295E53 /* img1.png */ = {isa = PBXFileReference; lastKnownFileType = image.png; path = img1.png; sourceTree = "<group>"; };
		7177740B1BCA98F400295E53 /* img2.png */ = {isa = PBXFileReference; lastKnownFileType = image.png; path = img2.png; sourceTree = "<group>"; };
		7177740C1BCA98F400295E53 /* img3.png */ = {isa = PBXFileReference; lastKnownFileType = image.png; path = img3.png; sourceTree = "<group>"; };
/* End PBXFileReference section */

/* Begin PBXFrameworksBuildPhase section */
		717773AB1BCA962600295E53 /* Frameworks */ = {
			isa = PBXFrameworksBuildPhase;
			buildActionMask = 2147483647;
			files = (
			);
			runOnlyForDeploymentPostprocessing = 0;
		};
		717773BF1BCA962600295E53 /* Frameworks */ = {
			isa = PBXFrameworksBuildPhase;
			buildActionMask = 2147483647;
			files = (
			);
			runOnlyForDeploymentPostprocessing = 0;
		};
		717773CA1BCA962600295E53 /* Frameworks */ = {
			isa = PBXFrameworksBuildPhase;
			buildActionMask = 2147483647;
			files = (
			);
			runOnlyForDeploymentPostprocessing = 0;
		};
		717773E21BCA962600295E53 /* Frameworks */ = {
			isa = PBXFrameworksBuildPhase;
			buildActionMask = 2147483647;
			files = (
			);
			runOnlyForDeploymentPostprocessing = 0;
		};
/* End PBXFrameworksBuildPhase section */

/* Begin PBXGroup section */
		717773A51BCA962600295E53 = {
			isa = PBXGroup;
			children = (
				717773B01BCA962600295E53 /* LuckyNumber */,
				717773C51BCA962600295E53 /* LuckyNumberTests */,
				717773D01BCA962600295E53 /* LuckyNumberUITests */,
				717773DA1BCA962600295E53 /* LuckyNumber WatchKit App */,
				717773E91BCA962600295E53 /* LuckyNumber WatchKit Extension */,
				717773AF1BCA962600295E53 /* Products */,
			);
			sourceTree = "<group>";
		};
		717773AF1BCA962600295E53 /* Products */ = {
			isa = PBXGroup;
			children = (
				717773AE1BCA962600295E53 /* LuckyNumber.app */,
				717773C21BCA962600295E53 /* LuckyNumberTests.xctest */,
				717773CD1BCA962600295E53 /* LuckyNumberUITests.xctest */,
				717773D61BCA962600295E53 /* LuckyNumber WatchKit App.app */,
				717773E51BCA962600295E53 /* LuckyNumber WatchKit Extension.appex */,
			);
			name = Products;
			sourceTree = "<group>";
		};
		717773B01BCA962600295E53 /* LuckyNumber */ = {
			isa = PBXGroup;
			children = (
				717773B11BCA962600295E53 /* AppDelegate.swift */,
				717773B31BCA962600295E53 /* ViewController.swift */,
				717773B51BCA962600295E53 /* Main.storyboard */,
				717773B81BCA962600295E53 /* Assets.xcassets */,
				717773BA1BCA962600295E53 /* LaunchScreen.storyboard */,
				717773BD1BCA962600295E53 /* Info.plist */,
			);
			path = LuckyNumber;
			sourceTree = "<group>";
		};
		717773C51BCA962600295E53 /* LuckyNumberTests */ = {
			isa = PBXGroup;
			children = (
				717773C61BCA962600295E53 /* LuckyNumberTests.swift */,
				717773C81BCA962600295E53 /* Info.plist */,
			);
			path = LuckyNumberTests;
			sourceTree = "<group>";
		};
		717773D01BCA962600295E53 /* LuckyNumberUITests */ = {
			isa = PBXGroup;
			children = (
				717773D11BCA962600295E53 /* LuckyNumberUITests.swift */,
				717773D31BCA962600295E53 /* Info.plist */,
			);
			path = LuckyNumberUITests;
			sourceTree = "<group>";
		};
		717773DA1BCA962600295E53 /* LuckyNumber WatchKit App */ = {
			isa = PBXGroup;
			children = (
				7177740A1BCA98F400295E53 /* img1.png */,
				7177740B1BCA98F400295E53 /* img2.png */,
				7177740C1BCA98F400295E53 /* img3.png */,
				717773DB1BCA962600295E53 /* Interface.storyboard */,
				717773DE1BCA962600295E53 /* Assets.xcassets */,
				717773E01BCA962600295E53 /* Info.plist */,
			);
			path = "LuckyNumber WatchKit App";
			sourceTree = "<group>";
		};
		717773E91BCA962600295E53 /* LuckyNumber WatchKit Extension */ = {
			isa = PBXGroup;
			children = (
				717773EC1BCA962600295E53 /* InterfaceController.swift */,
				717773EE1BCA962600295E53 /* ExtensionDelegate.swift */,
				717773F01BCA962600295E53 /* NotificationController.swift */,
				717773F21BCA962600295E53 /* GlanceController.swift */,
				717773F41BCA962600295E53 /* Assets.xcassets */,
				717773F61BCA962600295E53 /* Info.plist */,
				717773EA1BCA962600295E53 /* Supporting Files */,
			);
			path = "LuckyNumber WatchKit Extension";
			sourceTree = "<group>";
		};
		717773EA1BCA962600295E53 /* Supporting Files */ = {
			isa = PBXGroup;
			children = (
				717773EB1BCA962600295E53 /* PushNotificationPayload.apns */,
			);
			name = "Supporting Files";
			sourceTree = "<group>";
		};
/* End PBXGroup section */

/* Begin PBXNativeTarget section */
		717773AD1BCA962600295E53 /* LuckyNumber */ = {
			isa = PBXNativeTarget;
			buildConfigurationList = 717774011BCA962600295E53 /* Build configuration list for PBXNativeTarget "LuckyNumber" */;
			buildPhases = (
				717773AA1BCA962600295E53 /* Sources */,
				717773AB1BCA962600295E53 /* Frameworks */,
				717773AC1BCA962600295E53 /* Resources */,
				717774001BCA962600295E53 /* Embed Watch Content */,
			);
			buildRules = (
			);
			dependencies = (
				717773D91BCA962600295E53 /* PBXTargetDependency */,
			);
			name = LuckyNumber;
			productName = LuckyNumber;
			productReference = 717773AE1BCA962600295E53 /* LuckyNumber.app */;
			productType = "com.apple.product-type.application";
		};
		717773C11BCA962600295E53 /* LuckyNumberTests */ = {
			isa = PBXNativeTarget;
			buildConfigurationList = 717774041BCA962600295E53 /* Build configuration list for PBXNativeTarget "LuckyNumberTests" */;
			buildPhases = (
				717773BE1BCA962600295E53 /* Sources */,
				717773BF1BCA962600295E53 /* Frameworks */,
				717773C01BCA962600295E53 /* Resources */,
			);
			buildRules = (
			);
			dependencies = (
				717773C41BCA962600295E53 /* PBXTargetDependency */,
			);
			name = LuckyNumberTests;
			productName = LuckyNumberTests;
			productReference = 717773C21BCA962600295E53 /* LuckyNumberTests.xctest */;
			productType = "com.apple.product-type.bundle.unit-test";
		};
		717773CC1BCA962600295E53 /* LuckyNumberUITests */ = {
			isa = PBXNativeTarget;
			buildConfigurationList = 717774071BCA962600295E53 /* Build configuration list for PBXNativeTarget "LuckyNumberUITests" */;
			buildPhases = (
				717773C91BCA962600295E53 /* Sources */,
				717773CA1BCA962600295E53 /* Frameworks */,
				717773CB1BCA962600295E53 /* Resources */,
			);
			buildRules = (
			);
			dependencies = (
				717773CF1BCA962600295E53 /* PBXTargetDependency */,
			);
			name = LuckyNumberUITests;
			productName = LuckyNumberUITests;
			productReference = 717773CD1BCA962600295E53 /* LuckyNumberUITests.xctest */;
			productType = "com.apple.product-type.bundle.ui-testing";
		};
		717773D51BCA962600295E53 /* LuckyNumber WatchKit App */ = {
			isa = PBXNativeTarget;
			buildConfigurationList = 717773FD1BCA962600295E53 /* Build configuration list for PBXNativeTarget "LuckyNumber WatchKit App" */;
			buildPhases = (
				717773D41BCA962600295E53 /* Resources */,
				717773FC1BCA962600295E53 /* Embed App Extensions */,
			);
			buildRules = (
			);
			dependencies = (
				717773E81BCA962600295E53 /* PBXTargetDependency */,
			);
			name = "LuckyNumber WatchKit App";
			productName = "LuckyNumber WatchKit App";
			productReference = 717773D61BCA962600295E53 /* LuckyNumber WatchKit App.app */;
			productType = "com.apple.product-type.application.watchapp2";
		};
		717773E41BCA962600295E53 /* LuckyNumber WatchKit Extension */ = {
			isa = PBXNativeTarget;
			buildConfigurationList = 717773F91BCA962600295E53 /* Build configuration list for PBXNativeTarget "LuckyNumber WatchKit Extension" */;
			buildPhases = (
				717773E11BCA962600295E53 /* Sources */,
				717773E21BCA962600295E53 /* Frameworks */,
				717773E31BCA962600295E53 /* Resources */,
			);
			buildRules = (
			);
			dependencies = (
			);
			name = "LuckyNumber WatchKit Extension";
			productName = "LuckyNumber WatchKit Extension";
			productReference = 717773E51BCA962600295E53 /* LuckyNumber WatchKit Extension.appex */;
			productType = "com.apple.product-type.watchkit2-extension";
		};
/* End PBXNativeTarget section */

/* Begin PBXProject section */
		717773A61BCA962600295E53 /* Project object */ = {
			isa = PBXProject;
			attributes = {
				LastUpgradeCheck = 0700;
				ORGANIZATIONNAME = nbdpc;
				TargetAttributes = {
					717773AD1BCA962600295E53 = {
						CreatedOnToolsVersion = 7.0.1;
						DevelopmentTeam = FA2863D27N;
					};
					717773C11BCA962600295E53 = {
						CreatedOnToolsVersion = 7.0.1;
						DevelopmentTeam = FA2863D27N;
						TestTargetID = 717773AD1BCA962600295E53;
					};
					717773CC1BCA962600295E53 = {
						CreatedOnToolsVersion = 7.0.1;
						DevelopmentTeam = FA2863D27N;
						TestTargetID = 717773AD1BCA962600295E53;
					};
					717773D51BCA962600295E53 = {
						CreatedOnToolsVersion = 7.0.1;
						DevelopmentTeam = FA2863D27N;
					};
					717773E41BCA962600295E53 = {
						CreatedOnToolsVersion = 7.0.1;
						DevelopmentTeam = FA2863D27N;
					};
				};
			};
			buildConfigurationList = 717773A91BCA962600295E53 /* Build configuration list for PBXProject "LuckyNumber" */;
			compatibilityVersion = "Xcode 3.2";
			developmentRegion = English;
			hasScannedForEncodings = 0;
			knownRegions = (
				en,
				Base,
			);
			mainGroup = 717773A51BCA962600295E53;
			productRefGroup = 717773AF1BCA962600295E53 /* Products */;
			projectDirPath = "";
			projectRoot = "";
			targets = (
				717773AD1BCA962600295E53 /* LuckyNumber */,
				717773C11BCA962600295E53 /* LuckyNumberTests */,
				717773CC1BCA962600295E53 /* LuckyNumberUITests */,
				717773D51BCA962600295E53 /* LuckyNumber WatchKit App */,
				717773E41BCA962600295E53 /* LuckyNumber WatchKit Extension */,
			);
		};
/* End PBXProject section */

/* Begin PBXResourcesBuildPhase section */
		717773AC1BCA962600295E53 /* Resources */ = {
			isa = PBXResourcesBuildPhase;
			buildActionMask = 2147483647;
			files = (
				717773BC1BCA962600295E53 /* LaunchScreen.storyboard in Resources */,
				717773B91BCA962600295E53 /* Assets.xcassets in Resources */,
				717773B71BCA962600295E53 /* Main.storyboard in Resources */,
			);
			runOnlyForDeploymentPostprocessing = 0;
		};
		717773C01BCA962600295E53 /* Resources */ = {
			isa = PBXResourcesBuildPhase;
			buildActionMask = 2147483647;
			files = (
			);
			runOnlyForDeploymentPostprocessing = 0;
		};
		717773CB1BCA962600295E53 /* Resources */ = {
			isa = PBXResourcesBuildPhase;
			buildActionMask = 2147483647;
			files = (
			);
			runOnlyForDeploymentPostprocessing = 0;
		};
		717773D41BCA962600295E53 /* Resources */ = {
			isa = PBXResourcesBuildPhase;
			buildActionMask = 2147483647;
			files = (
				717773DF1BCA962600295E53 /* Assets.xcassets in Resources */,
				7177740F1BCA98F400295E53 /* img3.png in Resources */,
				717773DD1BCA962600295E53 /* Interface.storyboard in Resources */,
				7177740E1BCA98F400295E53 /* img2.png in Resources */,
				7177740D1BCA98F400295E53 /* img1.png in Resources */,
			);
			runOnlyForDeploymentPostprocessing = 0;
		};
		717773E31BCA962600295E53 /* Resources */ = {
			isa = PBXResourcesBuildPhase;
			buildActionMask = 2147483647;
			files = (
				717773F51BCA962600295E53 /* Assets.xcassets in Resources */,
			);
			runOnlyForDeploymentPostprocessing = 0;
		};
/* End PBXResourcesBuildPhase section */

/* Begin PBXSourcesBuildPhase section */
		717773AA1BCA962600295E53 /* Sources */ = {
			isa = PBXSourcesBuildPhase;
			buildActionMask = 2147483647;
			files = (
				717773B41BCA962600295E53 /* ViewController.swift in Sources */,
				717773B21BCA962600295E53 /* AppDelegate.swift in Sources */,
			);
			runOnlyForDeploymentPostprocessing = 0;
		};
		717773BE1BCA962600295E53 /* Sources */ = {
			isa = PBXSourcesBuildPhase;
			buildActionMask = 2147483647;
			files = (
				717773C71BCA962600295E53 /* LuckyNumberTests.swift in Sources */,
			);
			runOnlyForDeploymentPostprocessing = 0;
		};
		717773C91BCA962600295E53 /* Sources */ = {
			isa = PBXSourcesBuildPhase;
			buildActionMask = 2147483647;
			files = (
				717773D21BCA962600295E53 /* LuckyNumberUITests.swift in Sources */,
			);
			runOnlyForDeploymentPostprocessing = 0;
		};
		717773E11BCA962600295E53 /* Sources */ = {
			isa = PBXSourcesBuildPhase;
			buildActionMask = 2147483647;
			files = (
				717773F11BCA962600295E53 /* NotificationController.swift in Sources */,
				717773EF1BCA962600295E53 /* ExtensionDelegate.swift in Sources */,
				717773ED1BCA962600295E53 /* InterfaceController.swift in Sources */,
				717773F31BCA962600295E53 /* GlanceController.swift in Sources */,
			);
			runOnlyForDeploymentPostprocessing = 0;
		};
/* End PBXSourcesBuildPhase section */

/* Begin PBXTargetDependency section */
		717773C41BCA962600295E53 /* PBXTargetDependency */ = {
			isa = PBXTargetDependency;
			target = 717773AD1BCA962600295E53 /* LuckyNumber */;
			targetProxy = 717773C31BCA962600295E53 /* PBXContainerItemProxy */;
		};
		717773CF1BCA962600295E53 /* PBXTargetDependency */ = {
			isa = PBXTargetDependency;
			target = 717773AD1BCA962600295E53 /* LuckyNumber */;
			targetProxy = 717773CE1BCA962600295E53 /* PBXContainerItemProxy */;
		};
		717773D91BCA962600295E53 /* PBXTargetDependency */ = {
			isa = PBXTargetDependency;
			target = 717773D51BCA962600295E53 /* LuckyNumber WatchKit App */;
			targetProxy = 717773D81BCA962600295E53 /* PBXContainerItemProxy */;
		};
		717773E81BCA962600295E53 /* PBXTargetDependency */ = {
			isa = PBXTargetDependency;
			target = 717773E41BCA962600295E53 /* LuckyNumber WatchKit Extension */;
			targetProxy = 717773E71BCA962600295E53 /* PBXContainerItemProxy */;
		};
/* End PBXTargetDependency section */

/* Begin PBXVariantGroup section */
		717773B51BCA962600295E53 /* Main.storyboard */ = {
			isa = PBXVariantGroup;
			children = (
				717773B61BCA962600295E53 /* Base */,
			);
			name = Main.storyboard;
			sourceTree = "<group>";
		};
		717773BA1BCA962600295E53 /* LaunchScreen.storyboard */ = {
			isa = PBXVariantGroup;
			children = (
				717773BB1BCA962600295E53 /* Base */,
			);
			name = LaunchScreen.storyboard;
			sourceTree = "<group>";
		};
		717773DB1BCA962600295E53 /* Interface.storyboard */ = {
			isa = PBXVariantGroup;
			children = (
				717773DC1BCA962600295E53 /* Base */,
			);
			name = Interface.storyboard;
			sourceTree = "<group>";
		};
/* End PBXVariantGroup section */

/* Begin XCBuildConfiguration section */
		717773F71BCA962600295E53 /* Debug */ = {
			isa = XCBuildConfiguration;
			buildSettings = {
				ALWAYS_SEARCH_USER_PATHS = NO;
				CLANG_CXX_LANGUAGE_STANDARD = "gnu++0x";
				CLANG_CXX_LIBRARY = "libc++";
				CLANG_ENABLE_MODULES = YES;
				CLANG_ENABLE_OBJC_ARC = YES;
				CLANG_WARN_BOOL_CONVERSION = YES;
				CLANG_WARN_CONSTANT_CONVERSION = YES;
				CLANG_WARN_DIRECT_OBJC_ISA_USAGE = YES_ERROR;
				CLANG_WARN_EMPTY_BODY = YES;
				CLANG_WARN_ENUM_CONVERSION = YES;
				CLANG_WARN_INT_CONVERSION = YES;
				CLANG_WARN_OBJC_ROOT_CLASS = YES_ERROR;
				CLANG_WARN_UNREACHABLE_CODE = YES;
				CLANG_WARN__DUPLICATE_METHOD_MATCH = YES;
				CODE_SIGN_IDENTITY = "iPhone Developer: 503434355@qq.com (B3MTU24AYY)";
				"CODE_SIGN_IDENTITY[sdk=iphoneos*]" = "iPhone Developer: 503434355@qq.com (B3MTU24AYY)";
				COPY_PHASE_STRIP = NO;
				DEBUG_INFORMATION_FORMAT = dwarf;
				ENABLE_STRICT_OBJC_MSGSEND = YES;
				ENABLE_TESTABILITY = YES;
				GCC_C_LANGUAGE_STANDARD = gnu99;
				GCC_DYNAMIC_NO_PIC = NO;
				GCC_NO_COMMON_BLOCKS = YES;
				GCC_OPTIMIZATION_LEVEL = 0;
				GCC_PREPROCESSOR_DEFINITIONS = (
					"DEBUG=1",
					"$(inherited)",
				);
				GCC_WARN_64_TO_32_BIT_CONVERSION = YES;
				GCC_WARN_ABOUT_RETURN_TYPE = YES_ERROR;
				GCC_WARN_UNDECLARED_SELECTOR = YES;
				GCC_WARN_UNINITIALIZED_AUTOS = YES_AGGRESSIVE;
				GCC_WARN_UNUSED_FUNCTION = YES;
				GCC_WARN_UNUSED_VARIABLE = YES;
				IPHONEOS_DEPLOYMENT_TARGET = 9.0;
				MTL_ENABLE_DEBUG_INFO = YES;
				ONLY_ACTIVE_ARCH = YES;
				SDKROOT = iphoneos;
				SWIFT_OPTIMIZATION_LEVEL = "-Onone";
			};
			name = Debug;
		};
		717773F81BCA962600295E53 /* Release */ = {
			isa = XCBuildConfiguration;
			buildSettings = {
				ALWAYS_SEARCH_USER_PATHS = NO;
				CLANG_CXX_LANGUAGE_STANDARD = "gnu++0x";
				CLANG_CXX_LIBRARY = "libc++";
				CLANG_ENABLE_MODULES = YES;
				CLANG_ENABLE_OBJC_ARC = YES;
				CLANG_WARN_BOOL_CONVERSION = YES;
				CLANG_WARN_CONSTANT_CONVERSION = YES;
				CLANG_WARN_DIRECT_OBJC_ISA_USAGE = YES_ERROR;
				CLANG_WARN_EMPTY_BODY = YES;
				CLANG_WARN_ENUM_CONVERSION = YES;
				CLANG_WARN_INT_CONVERSION = YES;
				CLANG_WARN_OBJC_ROOT_CLASS = YES_ERROR;
				CLANG_WARN_UNREACHABLE_CODE = YES;
				CLANG_WARN__DUPLICATE_METHOD_MATCH = YES;
				CODE_SIGN_IDENTITY = "iPhone Developer: 503434355@qq.com (B3MTU24AYY)";
				"CODE_SIGN_IDENTITY[sdk=iphoneos*]" = "iPhone Developer: 503434355@qq.com (B3MTU24AYY)";
				COPY_PHASE_STRIP = NO;
				DEBUG_INFORMATION_FORMAT = "dwarf-with-dsym";
				ENABLE_NS_ASSERTIONS = NO;
				ENABLE_STRICT_OBJC_MSGSEND = YES;
				GCC_C_LANGUAGE_STANDARD = gnu99;
				GCC_NO_COMMON_BLOCKS = YES;
				GCC_WARN_64_TO_32_BIT_CONVERSION = YES;
				GCC_WARN_ABOUT_RETURN_TYPE = YES_ERROR;
				GCC_WARN_UNDECLARED_SELECTOR = YES;
				GCC_WARN_UNINITIALIZED_AUTOS = YES_AGGRESSIVE;
				GCC_WARN_UNUSED_FUNCTION = YES;
				GCC_WARN_UNUSED_VARIABLE = YES;
				IPHONEOS_DEPLOYMENT_TARGET = 9.0;
				MTL_ENABLE_DEBUG_INFO = NO;
				SDKROOT = iphoneos;
				VALIDATE_PRODUCT = YES;
			};
			name = Release;
		};
		717773FA1BCA962600295E53 /* Debug */ = {
			isa = XCBuildConfiguration;
			buildSettings = {
				CODE_SIGN_IDENTITY = "iPhone Developer";
				"CODE_SIGN_IDENTITY[sdk=iphoneos*]" = "iPhone Developer";
				"CODE_SIGN_IDENTITY[sdk=watchos*]" = "iPhone Developer";
				INFOPLIST_FILE = "LuckyNumber WatchKit Extension/Info.plist";
				LD_RUNPATH_SEARCH_PATHS = "$(inherited) @executable_path/Frameworks @executable_path/../../Frameworks";
				PRODUCT_BUNDLE_IDENTIFIER = com.chenyufengweb.LuckyNumber.watchkitapp.watchkitextension;
				PRODUCT_NAME = "${TARGET_NAME}";
				PROVISIONING_PROFILE = "";
				SDKROOT = watchos;
				SKIP_INSTALL = YES;
				TARGETED_DEVICE_FAMILY = 4;
				WATCHOS_DEPLOYMENT_TARGET = 2.0;
			};
			name = Debug;
		};
		717773FB1BCA962600295E53 /* Release */ = {
			isa = XCBuildConfiguration;
			buildSettings = {
				CODE_SIGN_IDENTITY = "iPhone Developer";
				"CODE_SIGN_IDENTITY[sdk=watchos*]" = "iPhone Developer";
				INFOPLIST_FILE = "LuckyNumber WatchKit Extension/Info.plist";
				LD_RUNPATH_SEARCH_PATHS = "$(inherited) @executable_path/Frameworks @executable_path/../../Frameworks";
				PRODUCT_BUNDLE_IDENTIFIER = com.chenyufengweb.LuckyNumber.watchkitapp.watchkitextension;
				PRODUCT_NAME = "${TARGET_NAME}";
				PROVISIONING_PROFILE = "";
				SDKROOT = watchos;
				SKIP_INSTALL = YES;
				TARGETED_DEVICE_FAMILY = 4;
				WATCHOS_DEPLOYMENT_TARGET = 2.0;
			};
			name = Release;
		};
		717773FE1BCA962600295E53 /* Debug */ = {
			isa = XCBuildConfiguration;
			buildSettings = {
				ASSETCATALOG_COMPILER_APPICON_NAME = AppIcon;
				CODE_SIGN_IDENTITY = "iPhone Developer";
				"CODE_SIGN_IDENTITY[sdk=iphoneos*]" = "iPhone Developer";
				"CODE_SIGN_IDENTITY[sdk=watchos*]" = "iPhone Developer";
				EMBEDDED_CONTENT_CONTAINS_SWIFT = YES;
				IBSC_MODULE = LuckyNumber_WatchKit_Extension;
				INFOPLIST_FILE = "LuckyNumber WatchKit App/Info.plist";
				PRODUCT_BUNDLE_IDENTIFIER = com.chenyufengweb.LuckyNumber.watchkitapp;
				PRODUCT_NAME = "$(TARGET_NAME)";
				PROVISIONING_PROFILE = "";
				SDKROOT = watchos;
				SKIP_INSTALL = YES;
				TARGETED_DEVICE_FAMILY = 4;
				WATCHOS_DEPLOYMENT_TARGET = 2.0;
			};
			name = Debug;
		};
		717773FF1BCA962600295E53 /* Release */ = {
			isa = XCBuildConfiguration;
			buildSettings = {
				ASSETCATALOG_COMPILER_APPICON_NAME = AppIcon;
				CODE_SIGN_IDENTITY = "iPhone Developer";
				"CODE_SIGN_IDENTITY[sdk=watchos*]" = "iPhone Developer";
				EMBEDDED_CONTENT_CONTAINS_SWIFT = YES;
				IBSC_MODULE = LuckyNumber_WatchKit_Extension;
				INFOPLIST_FILE = "LuckyNumber WatchKit App/Info.plist";
				PRODUCT_BUNDLE_IDENTIFIER = com.chenyufengweb.LuckyNumber.watchkitapp;
				PRODUCT_NAME = "$(TARGET_NAME)";
				PROVISIONING_PROFILE = "";
				SDKROOT = watchos;
				SKIP_INSTALL = YES;
				TARGETED_DEVICE_FAMILY = 4;
				WATCHOS_DEPLOYMENT_TARGET = 2.0;
			};
			name = Release;
		};
		717774021BCA962600295E53 /* Debug */ = {
			isa = XCBuildConfiguration;
			buildSettings = {
				ASSETCATALOG_COMPILER_APPICON_NAME = AppIcon;
				CODE_SIGN_IDENTITY = "iPhone Developer";
				INFOPLIST_FILE = LuckyNumber/Info.plist;
				LD_RUNPATH_SEARCH_PATHS = "$(inherited) @executable_path/Frameworks";
				PRODUCT_BUNDLE_IDENTIFIER = com.chenyufengweb.LuckyNumber;
				PRODUCT_NAME = "$(TARGET_NAME)";
			};
			name = Debug;
		};
		717774031BCA962600295E53 /* Release */ = {
			isa = XCBuildConfiguration;
			buildSettings = {
				ASSETCATALOG_COMPILER_APPICON_NAME = AppIcon;
				CODE_SIGN_IDENTITY = "iPhone Developer";
				INFOPLIST_FILE = LuckyNumber/Info.plist;
				LD_RUNPATH_SEARCH_PATHS = "$(inherited) @executable_path/Frameworks";
				PRODUCT_BUNDLE_IDENTIFIER = com.chenyufengweb.LuckyNumber;
				PRODUCT_NAME = "$(TARGET_NAME)";
			};
			name = Release;
		};
		717774051BCA962600295E53 /* Debug */ = {
			isa = XCBuildConfiguration;
			buildSettings = {
				BUNDLE_LOADER = "$(TEST_HOST)";
				INFOPLIST_FILE = LuckyNumberTests/Info.plist;
				LD_RUNPATH_SEARCH_PATHS = "$(inherited) @executable_path/Frameworks @loader_path/Frameworks";
				PRODUCT_BUNDLE_IDENTIFIER = com.chenyufengweb.LuckyNumberTests;
				PRODUCT_NAME = "$(TARGET_NAME)";
				TEST_HOST = "$(BUILT_PRODUCTS_DIR)/LuckyNumber.app/LuckyNumber";
			};
			name = Debug;
		};
		717774061BCA962600295E53 /* Release */ = {
			isa = XCBuildConfiguration;
			buildSettings = {
				BUNDLE_LOADER = "$(TEST_HOST)";
				INFOPLIST_FILE = LuckyNumberTests/Info.plist;
				LD_RUNPATH_SEARCH_PATHS = "$(inherited) @executable_path/Frameworks @loader_path/Frameworks";
				PRODUCT_BUNDLE_IDENTIFIER = com.chenyufengweb.LuckyNumberTests;
				PRODUCT_NAME = "$(TARGET_NAME)";
				TEST_HOST = "$(BUILT_PRODUCTS_DIR)/LuckyNumber.app/LuckyNumber";
			};
			name = Release;
		};
		717774081BCA962600295E53 /* Debug */ = {
			isa = XCBuildConfiguration;
			buildSettings = {
				INFOPLIST_FILE = LuckyNumberUITests/Info.plist;
				LD_RUNPATH_SEARCH_PATHS = "$(inherited) @executable_path/Frameworks @loader_path/Frameworks";
				PRODUCT_BUNDLE_IDENTIFIER = com.chenyufengweb.LuckyNumberUITests;
				PRODUCT_NAME = "$(TARGET_NAME)";
				TEST_TARGET_NAME = LuckyNumber;
				USES_XCTRUNNER = YES;
			};
			name = Debug;
		};
		717774091BCA962600295E53 /* Release */ = {
			isa = XCBuildConfiguration;
			buildSettings = {
				INFOPLIST_FILE = LuckyNumberUITests/Info.plist;
				LD_RUNPATH_SEARCH_PATHS = "$(inherited) @executable_path/Frameworks @loader_path/Frameworks";
				PRODUCT_BUNDLE_IDENTIFIER = com.chenyufengweb.LuckyNumberUITests;
				PRODUCT_NAME = "$(TARGET_NAME)";
				TEST_TARGET_NAME = LuckyNumber;
				USES_XCTRUNNER = YES;
			};
			name = Release;
		};
/* End XCBuildConfiguration section */

/* Begin XCConfigurationList section */
		717773A91BCA962600295E53 /* Build configuration list for PBXProject "LuckyNumber" */ = {
			isa = XCConfigurationList;
			buildConfigurations = (
				717773F71BCA962600295E53 /* Debug */,
				717773F81BCA962600295E53 /* Release */,
			);
			defaultConfigurationIsVisible = 0;
			defaultConfigurationName = Release;
		};
		717773F91BCA962600295E53 /* Build configuration list for PBXNativeTarget "LuckyNumber WatchKit Extension" */ = {
			isa = XCConfigurationList;
			buildConfigurations = (
				717773FA1BCA962600295E53 /* Debug */,
				717773FB1BCA962600295E53 /* Release */,
			);
			defaultConfigurationIsVisible = 0;
		};
		717773FD1BCA962600295E53 /* Build configuration list for PBXNativeTarget "LuckyNumber WatchKit App" */ = {
			isa = XCConfigurationList;
			buildConfigurations = (
				717773FE1BCA962600295E53 /* Debug */,
				717773FF1BCA962600295E53 /* Release */,
			);
			defaultConfigurationIsVisible = 0;
		};
		717774011BCA962600295E53 /* Build configuration list for PBXNativeTarget "LuckyNumber" */ = {
			isa = XCConfigurationList;
			buildConfigurations = (
				717774021BCA962600295E53 /* Debug */,
				717774031BCA962600295E53 /* Release */,
			);
			defaultConfigurationIsVisible = 0;
		};
		717774041BCA962600295E53 /* Build configuration list for PBXNativeTarget "LuckyNumberTests" */ = {
			isa = XCConfigurationList;
			buildConfigurations = (
				717774051BCA962600295E53 /* Debug */,
				717774061BCA962600295E53 /* Release */,
			);
			defaultConfigurationIsVisible = 0;
		};
		717774071BCA962600295E53 /* Build configuration list for PBXNativeTarget "LuckyNumberUITests" */ = {
			isa = XCConfigurationList;
			buildConfigurations = (
				717774081BCA962600295E53 /* Debug */,
				717774091BCA962600295E53 /* Release */,
			);
			defaultConfigurationIsVisible = 0;
		};
/* End XCConfigurationList section */
	};
	rootObject = 717773A61BCA962600295E53 /* Project object */;
}
